
Microsoft Visual Studio Solution File, Format Version 12.00
# Visual Studio Version 16
VisualStudioVersion = 16.0.30128.74
MinimumVisualStudioVersion = 10.0.40219.1
Project("{FAE04EC0-301F-11D3-BF4B-00C04F79EFBC}") = "PersonalSiteV1", "PersonalSiteV1\PersonalSiteV1.csproj", "{57DE64A8-4FA8-4E6E-8697-42CCD927CE3C}"
EndProject
Global
	GlobalSection(SolutionConfigurationPlatforms) = preSolution
		Debug|Any CPU = Debug|Any CPU
		Release|Any CPU = Release|Any CPU
	EndGlobalSection
	GlobalSection(ProjectConfigurationPlatforms) = postSolution
		{57DE64A8-4FA8-4E6E-8697-42CCD927CE3C}.Debug|Any CPU.ActiveCfg = Debug|Any CPU
		{57DE64A8-4FA8-4E6E-8697-42CCD927CE3C}.Debug|Any CPU.Build.0 = Debug|Any CPU
		{57DE64A8-4FA8-4E6E-8697-42CCD927CE3C}.Release|Any CPU.ActiveCfg = Release|Any CPU
		{57DE64A8-4FA8-4E6E-8697-42CCD927CE3C}.Release|Any CPU.Build.0 = Release|Any CPU
	EndGlobalSection
	GlobalSection(SolutionProperties) = preSolution
		HideSolutionNode = FALSE
	EndGlobalSection
	GlobalSection(ExtensibilityGlobals) = postSolution
		SolutionGuid = {8D862667-CEDF-4F85-9499-E23201FBAC14}
	EndGlobalSection
EndGlobal
